// !$*UTF8*$!
{
	archiveVersion = 1;
	classes = {
	};
	objectVersion = 46;
	objects = {

/* Begin PBXBuildFile section */
		29CDE63F1A1A72C2006975D0 /* AppDelegate.swift in Sources */ = {isa = PBXBuildFile; fileRef = 29CDE63E1A1A72C2006975D0 /* AppDelegate.swift */; };
		29CDE6441A1A72C2006975D0 /* Main.storyboard in Resources */ = {isa = PBXBuildFile; fileRef = 29CDE6421A1A72C2006975D0 /* Main.storyboard */; };
		29CDE6461A1A72C2006975D0 /* Images.xcassets in Resources */ = {isa = PBXBuildFile; fileRef = 29CDE6451A1A72C2006975D0 /* Images.xcassets */; };
		29CDE6491A1A72C2006975D0 /* LaunchScreen.xib in Resources */ = {isa = PBXBuildFile; fileRef = 29CDE6471A1A72C2006975D0 /* LaunchScreen.xib */; };
		29CDE6551A1A72C2006975D0 /* UISVC_Compatibility_DemoTests.swift in Sources */ = {isa = PBXBuildFile; fileRef = 29CDE6541A1A72C2006975D0 /* UISVC_Compatibility_DemoTests.swift */; };
		29CDE6631A1A743D006975D0 /* MasterController.swift in Sources */ = {isa = PBXBuildFile; fileRef = 29CDE6621A1A743D006975D0 /* MasterController.swift */; };
		29CDE6651A1A7447006975D0 /* DetailController.swift in Sources */ = {isa = PBXBuildFile; fileRef = 29CDE6641A1A7447006975D0 /* DetailController.swift */; };
		29CDE6671A1A770D006975D0 /* AppSplitViewDelegate.swift in Sources */ = {isa = PBXBuildFile; fileRef = 29CDE6661A1A770D006975D0 /* AppSplitViewDelegate.swift */; };
/* End PBXBuildFile section */

/* Begin PBXContainerItemProxy section */
		29CDE64F1A1A72C2006975D0 /* PBXContainerItemProxy */ = {
			isa = PBXContainerItemProxy;
			containerPortal = 29CDE6311A1A72C2006975D0 /* Project object */;
			proxyType = 1;
			remoteGlobalIDString = 29CDE6381A1A72C2006975D0;
			remoteInfo = "UISVC-Compatibility-Demo";
		};
/* End PBXContainerItemProxy section */

/* Begin PBXFileReference section */
		29CDE6391A1A72C2006975D0 /* UISVC-Compatibility-Demo.app */ = {isa = PBXFileReference; explicitFileType = wrapper.application; includeInIndex = 0; path = "UISVC-Compatibility-Demo.app"; sourceTree = BUILT_PRODUCTS_DIR; };
		29CDE63D1A1A72C2006975D0 /* Info.plist */ = {isa = PBXFileReference; lastKnownFileType = text.plist.xml; path = Info.plist; sourceTree = "<group>"; };
		29CDE63E1A1A72C2006975D0 /* AppDelegate.swift */ = {isa = PBXFileReference; lastKnownFileType = sourcecode.swift; path = AppDelegate.swift; sourceTree = "<group>"; };
		29CDE6431A1A72C2006975D0 /* Base */ = {isa = PBXFileReference; lastKnownFileType = file.storyboard; name = Base; path = Base.lproj/Main.storyboard; sourceTree = "<group>"; };
		29CDE6451A1A72C2006975D0 /* Images.xcassets */ = {isa = PBXFileReference; lastKnownFileType = folder.assetcatalog; path = Images.xcassets; sourceTree = "<group>"; };
		29CDE6481A1A72C2006975D0 /* Base */ = {isa = PBXFileReference; lastKnownFileType = file.xib; name = Base; path = Base.lproj/LaunchScreen.xib; sourceTree = "<group>"; };
		29CDE64E1A1A72C2006975D0 /* UISVC-Compatibility-DemoTests.xctest */ = {isa = PBXFileReference; explicitFileType = wrapper.cfbundle; includeInIndex = 0; path = "UISVC-Compatibility-DemoTests.xctest"; sourceTree = BUILT_PRODUCTS_DIR; };
		29CDE6531A1A72C2006975D0 /* Info.plist */ = {isa = PBXFileReference; lastKnownFileType = text.plist.xml; path = Info.plist; sourceTree = "<group>"; };
		29CDE6541A1A72C2006975D0 /* UISVC_Compatibility_DemoTests.swift */ = {isa = PBXFileReference; lastKnownFileType = sourcecode.swift; path = UISVC_Compatibility_DemoTests.swift; sourceTree = "<group>"; };
		29CDE6621A1A743D006975D0 /* MasterController.swift */ = {isa = PBXFileReference; fileEncoding = 4; lastKnownFileType = sourcecode.swift; name = MasterController.swift; path = "UISVC-Compatibility-Demo/MasterController.swift"; sourceTree = "<group>"; };
		29CDE6641A1A7447006975D0 /* DetailController.swift */ = {isa = PBXFileReference; fileEncoding = 4; lastKnownFileType = sourcecode.swift; name = DetailController.swift; path = "UISVC-Compatibility-Demo/DetailController.swift"; sourceTree = "<group>"; };
		29CDE6661A1A770D006975D0 /* AppSplitViewDelegate.swift */ = {isa = PBXFileReference; fileEncoding = 4; lastKnownFileType = sourcecode.swift; name = AppSplitViewDelegate.swift; path = "UISVC-Compatibility-Demo/AppSplitViewDelegate.swift"; sourceTree = "<group>"; };
/* End PBXFileReference section */

/* Begin PBXFrameworksBuildPhase section */
		29CDE6361A1A72C2006975D0 /* Frameworks */ = {
			isa = PBXFrameworksBuildPhase;
			buildActionMask = 2147483647;
			files = (
			);
			runOnlyForDeploymentPostprocessing = 0;
		};
		29CDE64B1A1A72C2006975D0 /* Frameworks */ = {
			isa = PBXFrameworksBuildPhase;
			buildActionMask = 2147483647;
			files = (
			);
			runOnlyForDeploymentPostprocessing = 0;
		};
/* End PBXFrameworksBuildPhase section */

/* Begin PBXGroup section */
		29CDE6301A1A72C2006975D0 = {
			isa = PBXGroup;
			children = (
				29CDE6661A1A770D006975D0 /* AppSplitViewDelegate.swift */,
				29CDE6621A1A743D006975D0 /* MasterController.swift */,
				29CDE6641A1A7447006975D0 /* DetailController.swift */,
				29CDE63B1A1A72C2006975D0 /* UISVC-Compatibility-Demo */,
				29CDE6511A1A72C2006975D0 /* UISVC-Compatibility-DemoTests */,
				29CDE63A1A1A72C2006975D0 /* Products */,
			);
			sourceTree = "<group>";
		};
		29CDE63A1A1A72C2006975D0 /* Products */ = {
			isa = PBXGroup;
			children = (
				29CDE6391A1A72C2006975D0 /* UISVC-Compatibility-Demo.app */,
				29CDE64E1A1A72C2006975D0 /* UISVC-Compatibility-DemoTests.xctest */,
			);
			name = Products;
			sourceTree = "<group>";
		};
		29CDE63B1A1A72C2006975D0 /* UISVC-Compatibility-Demo */ = {
			isa = PBXGroup;
			children = (
				29CDE63E1A1A72C2006975D0 /* AppDelegate.swift */,
				29CDE6421A1A72C2006975D0 /* Main.storyboard */,
				29CDE6451A1A72C2006975D0 /* Images.xcassets */,
				29CDE6471A1A72C2006975D0 /* LaunchScreen.xib */,
				29CDE63C1A1A72C2006975D0 /* Supporting Files */,
			);
			path = "UISVC-Compatibility-Demo";
			sourceTree = "<group>";
		};
		29CDE63C1A1A72C2006975D0 /* Supporting Files */ = {
			isa = PBXGroup;
			children = (
				29CDE63D1A1A72C2006975D0 /* Info.plist */,
			);
			name = "Supporting Files";
			sourceTree = "<group>";
		};
		29CDE6511A1A72C2006975D0 /* UISVC-Compatibility-DemoTests */ = {
			isa = PBXGroup;
			children = (
				29CDE6541A1A72C2006975D0 /* UISVC_Compatibility_DemoTests.swift */,
				29CDE6521A1A72C2006975D0 /* Supporting Files */,
			);
			path = "UISVC-Compatibility-DemoTests";
			sourceTree = "<group>";
		};
		29CDE6521A1A72C2006975D0 /* Supporting Files */ = {
			isa = PBXGroup;
			children = (
				29CDE6531A1A72C2006975D0 /* Info.plist */,
			);
			name = "Supporting Files";
			sourceTree = "<group>";
		};
/* End PBXGroup section */

/* Begin PBXNativeTarget section */
		29CDE6381A1A72C2006975D0 /* UISVC-Compatibility-Demo */ = {
			isa = PBXNativeTarget;
			buildConfigurationList = 29CDE6581A1A72C2006975D0 /* Build configuration list for PBXNativeTarget "UISVC-Compatibility-Demo" */;
			buildPhases = (
				29CDE6351A1A72C2006975D0 /* Sources */,
				29CDE6361A1A72C2006975D0 /* Frameworks */,
				29CDE6371A1A72C2006975D0 /* Resources */,
			);
			buildRules = (
			);
			dependencies = (
			);
			name = "UISVC-Compatibility-Demo";
			productName = "UISVC-Compatibility-Demo";
			productReference = 29CDE6391A1A72C2006975D0 /* UISVC-Compatibility-Demo.app */;
			productType = "com.apple.product-type.application";
		};
		29CDE64D1A1A72C2006975D0 /* UISVC-Compatibility-DemoTests */ = {
			isa = PBXNativeTarget;
			buildConfigurationList = 29CDE65B1A1A72C2006975D0 /* Build configuration list for PBXNativeTarget "UISVC-Compatibility-DemoTests" */;
			buildPhases = (
				29CDE64A1A1A72C2006975D0 /* Sources */,
				29CDE64B1A1A72C2006975D0 /* Frameworks */,
				29CDE64C1A1A72C2006975D0 /* Resources */,
			);
			buildRules = (
			);
			dependencies = (
				29CDE6501A1A72C2006975D0 /* PBXTargetDependency */,
			);
			name = "UISVC-Compatibility-DemoTests";
			productName = "UISVC-Compatibility-DemoTests";
			productReference = 29CDE64E1A1A72C2006975D0 /* UISVC-Compatibility-DemoTests.xctest */;
			productType = "com.apple.product-type.bundle.unit-test";
		};
/* End PBXNativeTarget section */

/* Begin PBXProject section */
		29CDE6311A1A72C2006975D0 /* Project object */ = {
			isa = PBXProject;
			attributes = {
				LastUpgradeCheck = 0610;
				ORGANIZATIONNAME = "Ryan Nystrom";
				TargetAttributes = {
					29CDE6381A1A72C2006975D0 = {
						CreatedOnToolsVersion = 6.1;
					};
					29CDE64D1A1A72C2006975D0 = {
						CreatedOnToolsVersion = 6.1;
						TestTargetID = 29CDE6381A1A72C2006975D0;
					};
				};
			};
			buildConfigurationList = 29CDE6341A1A72C2006975D0 /* Build configuration list for PBXProject "UISVC-Compatibility-Demo" */;
			compatibilityVersion = "Xcode 3.2";
			developmentRegion = English;
			hasScannedForEncodings = 0;
			knownRegions = (
				en,
				Base,
			);
			mainGroup = 29CDE6301A1A72C2006975D0;
			productRefGroup = 29CDE63A1A1A72C2006975D0 /* Products */;
			projectDirPath = "";
			projectRoot = "";
			targets = (
				29CDE6381A1A72C2006975D0 /* UISVC-Compatibility-Demo */,
				29CDE64D1A1A72C2006975D0 /* UISVC-Compatibility-DemoTests */,
			);
		};
/* End PBXProject section */

/* Begin PBXResourcesBuildPhase section */
		29CDE6371A1A72C2006975D0 /* Resources */ = {
			isa = PBXResourcesBuildPhase;
			buildActionMask = 2147483647;
			files = (
				29CDE6441A1A72C2006975D0 /* Main.storyboard in Resources */,
				29CDE6491A1A72C2006975D0 /* LaunchScreen.xib in Resources */,
				29CDE6461A1A72C2006975D0 /* Images.xcassets in Resources */,
			);
			runOnlyForDeploymentPostprocessing = 0;
		};
		29CDE64C1A1A72C2006975D0 /* Resources */ = {
			isa = PBXResourcesBuildPhase;
			buildActionMask = 2147483647;
			files = (
			);
			runOnlyForDeploymentPostprocessing = 0;
		};
/* End PBXResourcesBuildPhase section */

/* Begin PBXSourcesBuildPhase section */
		29CDE6351A1A72C2006975D0 /* Sources */ = {
			isa = PBXSourcesBuildPhase;
			buildActionMask = 2147483647;
			files = (
				29CDE6671A1A770D006975D0 /* AppSplitViewDelegate.swift in Sources */,
				29CDE63F1A1A72C2006975D0 /* AppDelegate.swift in Sources */,
				29CDE6651A1A7447006975D0 /* DetailController.swift in Sources */,
				29CDE6631A1A743D006975D0 /* MasterController.swift in Sources */,
			);
			runOnlyForDeploymentPostprocessing = 0;
		};
		29CDE64A1A1A72C2006975D0 /* Sources */ = {
			isa = PBXSourcesBuildPhase;
			buildActionMask = 2147483647;
			files = (
				29CDE6551A1A72C2006975D0 /* UISVC_Compatibility_DemoTests.swift in Sources */,
			);
			runOnlyForDeploymentPostprocessing = 0;
		};
/* End PBXSourcesBuildPhase section */

/* Begin PBXTargetDependency section */
		29CDE6501A1A72C2006975D0 /* PBXTargetDependency */ = {
			isa = PBXTargetDependency;
			target = 29CDE6381A1A72C2006975D0 /* UISVC-Compatibility-Demo */;
			targetProxy = 29CDE64F1A1A72C2006975D0 /* PBXContainerItemProxy */;
		};
/* End PBXTargetDependency section */

/* Begin PBXVariantGroup section */
		29CDE6421A1A72C2006975D0 /* Main.storyboard */ = {
			isa = PBXVariantGroup;
			children = (
				29CDE6431A1A72C2006975D0 /* Base */,
			);
			name = Main.storyboard;
			sourceTree = "<group>";
		};
		29CDE6471A1A72C2006975D0 /* LaunchScreen.xib */ = {
			isa = PBXVariantGroup;
			children = (
				29CDE6481A1A72C2006975D0 /* Base */,
			);
			name = LaunchScreen.xib;
			sourceTree = "<group>";
		};
/* End PBXVariantGroup section */

/* Begin XCBuildConfiguration section */
		29CDE6561A1A72C2006975D0 /* Debug */ = {
			isa = XCBuildConfiguration;
			buildSettings = {
				ALWAYS_SEARCH_USER_PATHS = NO;
				CLANG_CXX_LANGUAGE_STANDARD = "gnu++0x";
				CLANG_CXX_LIBRARY = "libc++";
				CLANG_ENABLE_MODULES = YES;
				CLANG_ENABLE_OBJC_ARC = YES;
				CLANG_WARN_BOOL_CONVERSION = YES;
				CLANG_WARN_CONSTANT_CONVERSION = YES;
				CLANG_WARN_DIRECT_OBJC_ISA_USAGE = YES_ERROR;
				CLANG_WARN_EMPTY_BODY = YES;
				CLANG_WARN_ENUM_CONVERSION = YES;
				CLANG_WARN_INT_CONVERSION = YES;
				CLANG_WARN_OBJC_ROOT_CLASS = YES_ERROR;
				CLANG_WARN_UNREACHABLE_CODE = YES;
				CLANG_WARN__DUPLICATE_METHOD_MATCH = YES;
				"CODE_SIGN_IDENTITY[sdk=iphoneos*]" = "iPhone Developer";
				COPY_PHASE_STRIP = NO;
				ENABLE_STRICT_OBJC_MSGSEND = YES;
				GCC_C_LANGUAGE_STANDARD = gnu99;
				GCC_DYNAMIC_NO_PIC = NO;
				GCC_OPTIMIZATION_LEVEL = 0;
				GCC_PREPROCESSOR_DEFINITIONS = (
					"DEBUG=1",
					"$(inherited)",
				);
				GCC_SYMBOLS_PRIVATE_EXTERN = NO;
				GCC_WARN_64_TO_32_BIT_CONVERSION = YES;
				GCC_WARN_ABOUT_RETURN_TYPE = YES_ERROR;
				GCC_WARN_UNDECLARED_SELECTOR = YES;
				GCC_WARN_UNINITIALIZED_AUTOS = YES_AGGRESSIVE;
				GCC_WARN_UNUSED_FUNCTION = YES;
				GCC_WARN_UNUSED_VARIABLE = YES;
				IPHONEOS_DEPLOYMENT_TARGET = 8.1;
				MTL_ENABLE_DEBUG_INFO = YES;
				ONLY_ACTIVE_ARCH = YES;
				SDKROOT = iphoneos;
				SWIFT_OPTIMIZATION_LEVEL = "-Onone";
				TARGETED_DEVICE_FAMILY = "1,2";
			};
			name = Debug;
		};
		29CDE6571A1A72C2006975D0 /* Release */ = {
			isa = XCBuildConfiguration;
			buildSettings = {
				ALWAYS_SEARCH_USER_PATHS = NO;
				CLANG_CXX_LANGUAGE_STANDARD = "gnu++0x";
				CLANG_CXX_LIBRARY = "libc++";
				CLANG_ENABLE_MODULES = YES;
				CLANG_ENABLE_OBJC_ARC = YES;
				CLANG_WARN_BOOL_CONVERSION = YES;
				CLANG_WARN_CONSTANT_CONVERSION = YES;
				CLANG_WARN_DIRECT_OBJC_ISA_USAGE = YES_ERROR;
				CLANG_WARN_EMPTY_BODY = YES;
				CLANG_WARN_ENUM_CONVERSION = YES;
				CLANG_WARN_INT_CONVERSION = YES;
				CLANG_WARN_OBJC_ROOT_CLASS = YES_ERROR;
				CLANG_WARN_UNREACHABLE_CODE = YES;
				CLANG_WARN__DUPLICATE_METHOD_MATCH = YES;
				"CODE_SIGN_IDENTITY[sdk=iphoneos*]" = "iPhone Developer";
				COPY_PHASE_STRIP = YES;
				ENABLE_NS_ASSERTIONS = NO;
				ENABLE_STRICT_OBJC_MSGSEND = YES;
				GCC_C_LANGUAGE_STANDARD = gnu99;
				GCC_WARN_64_TO_32_BIT_CONVERSION = YES;
				GCC_WARN_ABOUT_RETURN_TYPE = YES_ERROR;
				GCC_WARN_UNDECLARED_SELECTOR = YES;
				GCC_WARN_UNINITIALIZED_AUTOS = YES_AGGRESSIVE;
				GCC_WARN_UNUSED_FUNCTION = YES;
				GCC_WARN_UNUSED_VARIABLE = YES;
				IPHONEOS_DEPLOYMENT_TARGET = 8.1;
				MTL_ENABLE_DEBUG_INFO = NO;
				SDKROOT = iphoneos;
				TARGETED_DEVICE_FAMILY = "1,2";
				VALIDATE_PRODUCT = YES;
			};
			name = Release;
		};
		29CDE6591A1A72C2006975D0 /* Debug */ = {
			isa = XCBuildConfiguration;
			buildSettings = {
				ASSETCATALOG_COMPILER_APPICON_NAME = AppIcon;
				INFOPLIST_FILE = "UISVC-Compatibility-Demo/Info.plist";
				IPHONEOS_DEPLOYMENT_TARGET = 7.1;
				LD_RUNPATH_SEARCH_PATHS = "$(inherited) @executable_path/Frameworks";
				PRODUCT_NAME = "$(TARGET_NAME)";
				TARGETED_DEVICE_FAMILY = "1,2";
			};
			name = Debug;
		};
		29CDE65A1A1A72C2006975D0 /* Release */ = {
			isa = XCBuildConfiguration;
			buildSettings = {
				ASSETCATALOG_COMPILER_APPICON_NAME = AppIcon;
				INFOPLIST_FILE = "UISVC-Compatibility-Demo/Info.plist";
				IPHONEOS_DEPLOYMENT_TARGET = 7.1;
				LD_RUNPATH_SEARCH_PATHS = "$(inherited) @executable_path/Frameworks";
				PRODUCT_NAME = "$(TARGET_NAME)";
				TARGETED_DEVICE_FAMILY = "1,2";
			};
			name = Release;
		};
		29CDE65C1A1A72C2006975D0 /* Debug */ = {
			isa = XCBuildConfiguration;
			buildSettings = {
				BUNDLE_LOADER = "$(TEST_HOST)";
				FRAMEWORK_SEARCH_PATHS = (
					"$(SDKROOT)/Developer/Library/Frameworks",
					"$(inherited)",
				);
				GCC_PREPROCESSOR_DEFINITIONS = (
					"DEBUG=1",
					"$(inherited)",
				);
				INFOPLIST_FILE = "UISVC-Compatibility-DemoTests/Info.plist";
				LD_RUNPATH_SEARCH_PATHS = "$(inherited) @executable_path/Frameworks @loader_path/Frameworks";
				PRODUCT_NAME = "$(TARGET_NAME)";
				TEST_HOST = "$(BUILT_PRODUCTS_DIR)/UISVC-Compatibility-Demo.app/UISVC-Compatibility-Demo";
			};
			name = Debug;
		};
		29CDE65D1A1A72C2006975D0 /* Release */ = {
			isa = XCBuildConfiguration;
			buildSettings = {
				BUNDLE_LOADER = "$(TEST_HOST)";
				FRAMEWORK_SEARCH_PATHS = (
					"$(SDKROOT)/Developer/Library/Frameworks",
					"$(inherited)",
				);
				INFOPLIST_FILE = "UISVC-Compatibility-DemoTests/Info.plist";
				LD_RUNPATH_SEARCH_PATHS = "$(inherited) @executable_path/Frameworks @loader_path/Frameworks";
				PRODUCT_NAME = "$(TARGET_NAME)";
				TEST_HOST = "$(BUILT_PRODUCTS_DIR)/UISVC-Compatibility-Demo.app/UISVC-Compatibility-Demo";
			};
			name = Release;
		};
/* End XCBuildConfiguration section */

/* Begin XCConfigurationList section */
		29CDE6341A1A72C2006975D0 /* Build configuration list for PBXProject "UISVC-Compatibility-Demo" */ = {
			isa = XCConfigurationList;
			buildConfigurations = (
				29CDE6561A1A72C2006975D0 /* Debug */,
				29CDE6571A1A72C2006975D0 /* Release */,
			);
			defaultConfigurationIsVisible = 0;
			defaultConfigurationName = Release;
		};
		29CDE6581A1A72C2006975D0 /* Build configuration list for PBXNativeTarget "UISVC-Compatibility-Demo" */ = {
			isa = XCConfigurationList;
			buildConfigurations = (
				29CDE6591A1A72C2006975D0 /* Debug */,
				29CDE65A1A1A72C2006975D0 /* Release */,
			);
			defaultConfigurationIsVisible = 0;
		};
		29CDE65B1A1A72C2006975D0 /* Build configuration list for PBXNativeTarget "UISVC-Compatibility-DemoTests" */ = {
			isa = XCConfigurationList;
			buildConfigurations = (
				29CDE65C1A1A72C2006975D0 /* Debug */,
				29CDE65D1A1A72C2006975D0 /* Release */,
			);
			defaultConfigurationIsVisible = 0;
		};
/* End XCConfigurationList section */
	};
	rootObject = 29CDE6311A1A72C2006975D0 /* Project object */;
}
